// !$*UTF8*$!
{
	archiveVersion = 1;
	classes = {
	};
	objectVersion = 46;
	objects = {

/* Begin PBXBuildFile section */
		0C1F787E19EBB632001D72ED /* main.m in Sources */ = {isa = PBXBuildFile; fileRef = 0C1F787D19EBB632001D72ED /* main.m */; };
		0C1F788119EBB632001D72ED /* AppDelegate.m in Sources */ = {isa = PBXBuildFile; fileRef = 0C1F788019EBB632001D72ED /* AppDelegate.m */; };
		0C1F788419EBB632001D72ED /* ViewController.m in Sources */ = {isa = PBXBuildFile; fileRef = 0C1F788319EBB632001D72ED /* ViewController.m */; };
		0C1F788719EBB632001D72ED /* Main.storyboard in Resources */ = {isa = PBXBuildFile; fileRef = 0C1F788519EBB632001D72ED /* Main.storyboard */; };
		0C1F788919EBB632001D72ED /* Images.xcassets in Resources */ = {isa = PBXBuildFile; fileRef = 0C1F788819EBB632001D72ED /* Images.xcassets */; };
		0C1F788C19EBB632001D72ED /* LaunchScreen.xib in Resources */ = {isa = PBXBuildFile; fileRef = 0C1F788A19EBB632001D72ED /* LaunchScreen.xib */; };
		0C1F789819EBB632001D72ED /* MapDeltaTestTests.m in Sources */ = {isa = PBXBuildFile; fileRef = 0C1F789719EBB632001D72ED /* MapDeltaTestTests.m */; };
/* End PBXBuildFile section */

/* Begin PBXContainerItemProxy section */
		0C1F789219EBB632001D72ED /* PBXContainerItemProxy */ = {
			isa = PBXContainerItemProxy;
			containerPortal = 0C1F787019EBB632001D72ED /* Project object */;
			proxyType = 1;
			remoteGlobalIDString = 0C1F787719EBB632001D72ED;
			remoteInfo = MapDeltaTest;
		};
/* End PBXContainerItemProxy section */

/* Begin PBXFileReference section */
		0C1F787819EBB632001D72ED /* MapDeltaTest.app */ = {isa = PBXFileReference; explicitFileType = wrapper.application; includeInIndex = 0; path = MapDeltaTest.app; sourceTree = BUILT_PRODUCTS_DIR; };
		0C1F787C19EBB632001D72ED /* Info.plist */ = {isa = PBXFileReference; lastKnownFileType = text.plist.xml; path = Info.plist; sourceTree = "<group>"; };
		0C1F787D19EBB632001D72ED /* main.m */ = {isa = PBXFileReference; lastKnownFileType = sourcecode.c.objc; path = main.m; sourceTree = "<group>"; };
		0C1F787F19EBB632001D72ED /* AppDelegate.h */ = {isa = PBXFileReference; lastKnownFileType = sourcecode.c.h; path = AppDelegate.h; sourceTree = "<group>"; };
		0C1F788019EBB632001D72ED /* AppDelegate.m */ = {isa = PBXFileReference; lastKnownFileType = sourcecode.c.objc; path = AppDelegate.m; sourceTree = "<group>"; };
		0C1F788219EBB632001D72ED /* ViewController.h */ = {isa = PBXFileReference; lastKnownFileType = sourcecode.c.h; path = ViewController.h; sourceTree = "<group>"; };
		0C1F788319EBB632001D72ED /* ViewController.m */ = {isa = PBXFileReference; lastKnownFileType = sourcecode.c.objc; path = ViewController.m; sourceTree = "<group>"; };
		0C1F788619EBB632001D72ED /* Base */ = {isa = PBXFileReference; lastKnownFileType = file.storyboard; name = Base; path = Base.lproj/Main.storyboard; sourceTree = "<group>"; };
		0C1F788819EBB632001D72ED /* Images.xcassets */ = {isa = PBXFileReference; lastKnownFileType = folder.assetcatalog; path = Images.xcassets; sourceTree = "<group>"; };
		0C1F788B19EBB632001D72ED /* Base */ = {isa = PBXFileReference; lastKnownFileType = file.xib; name = Base; path = Base.lproj/LaunchScreen.xib; sourceTree = "<group>"; };
		0C1F789119EBB632001D72ED /* MapDeltaTestTests.xctest */ = {isa = PBXFileReference; explicitFileType = wrapper.cfbundle; includeInIndex = 0; path = MapDeltaTestTests.xctest; sourceTree = BUILT_PRODUCTS_DIR; };
		0C1F789619EBB632001D72ED /* Info.plist */ = {isa = PBXFileReference; lastKnownFileType = text.plist.xml; path = Info.plist; sourceTree = "<group>"; };
		0C1F789719EBB632001D72ED /* MapDeltaTestTests.m */ = {isa = PBXFileReference; lastKnownFileType = sourcecode.c.objc; path = MapDeltaTestTests.m; sourceTree = "<group>"; };
/* End PBXFileReference section */

/* Begin PBXFrameworksBuildPhase section */
		0C1F787519EBB632001D72ED /* Frameworks */ = {
			isa = PBXFrameworksBuildPhase;
			buildActionMask = 2147483647;
			files = (
			);
			runOnlyForDeploymentPostprocessing = 0;
		};
		0C1F788E19EBB632001D72ED /* Frameworks */ = {
			isa = PBXFrameworksBuildPhase;
			buildActionMask = 2147483647;
			files = (
			);
			runOnlyForDeploymentPostprocessing = 0;
		};
/* End PBXFrameworksBuildPhase section */

/* Begin PBXGroup section */
		0C1F786F19EBB632001D72ED = {
			isa = PBXGroup;
			children = (
				0C1F787A19EBB632001D72ED /* MapDeltaTest */,
				0C1F789419EBB632001D72ED /* MapDeltaTestTests */,
				0C1F787919EBB632001D72ED /* Products */,
			);
			sourceTree = "<group>";
		};
		0C1F787919EBB632001D72ED /* Products */ = {
			isa = PBXGroup;
			children = (
				0C1F787819EBB632001D72ED /* MapDeltaTest.app */,
				0C1F789119EBB632001D72ED /* MapDeltaTestTests.xctest */,
			);
			name = Products;
			sourceTree = "<group>";
		};
		0C1F787A19EBB632001D72ED /* MapDeltaTest */ = {
			isa = PBXGroup;
			children = (
				0C1F787F19EBB632001D72ED /* AppDelegate.h */,
				0C1F788019EBB632001D72ED /* AppDelegate.m */,
				0C1F788219EBB632001D72ED /* ViewController.h */,
				0C1F788319EBB632001D72ED /* ViewController.m */,
				0C1F788519EBB632001D72ED /* Main.storyboard */,
				0C1F788819EBB632001D72ED /* Images.xcassets */,
				0C1F788A19EBB632001D72ED /* LaunchScreen.xib */,
				0C1F787B19EBB632001D72ED /* Supporting Files */,
			);
			path = MapDeltaTest;
			sourceTree = "<group>";
		};
		0C1F787B19EBB632001D72ED /* Supporting Files */ = {
			isa = PBXGroup;
			children = (
				0C1F787C19EBB632001D72ED /* Info.plist */,
				0C1F787D19EBB632001D72ED /* main.m */,
			);
			name = "Supporting Files";
			sourceTree = "<group>";
		};
		0C1F789419EBB632001D72ED /* MapDeltaTestTests */ = {
			isa = PBXGroup;
			children = (
				0C1F789719EBB632001D72ED /* MapDeltaTestTests.m */,
				0C1F789519EBB632001D72ED /* Supporting Files */,
			);
			path = MapDeltaTestTests;
			sourceTree = "<group>";
		};
		0C1F789519EBB632001D72ED /* Supporting Files */ = {
			isa = PBXGroup;
			children = (
				0C1F789619EBB632001D72ED /* Info.plist */,
			);
			name = "Supporting Files";
			sourceTree = "<group>";
		};
/* End PBXGroup section */

/* Begin PBXNativeTarget section */
		0C1F787719EBB632001D72ED /* MapDeltaTest */ = {
			isa = PBXNativeTarget;
			buildConfigurationList = 0C1F789B19EBB632001D72ED /* Build configuration list for PBXNativeTarget "MapDeltaTest" */;
			buildPhases = (
				0C1F787419EBB632001D72ED /* Sources */,
				0C1F787519EBB632001D72ED /* Frameworks */,
				0C1F787619EBB632001D72ED /* Resources */,
			);
			buildRules = (
			);
			dependencies = (
			);
			name = MapDeltaTest;
			productName = MapDeltaTest;
			productReference = 0C1F787819EBB632001D72ED /* MapDeltaTest.app */;
			productType = "com.apple.product-type.application";
		};
		0C1F789019EBB632001D72ED /* MapDeltaTestTests */ = {
			isa = PBXNativeTarget;
			buildConfigurationList = 0C1F789E19EBB632001D72ED /* Build configuration list for PBXNativeTarget "MapDeltaTestTests" */;
			buildPhases = (
				0C1F788D19EBB632001D72ED /* Sources */,
				0C1F788E19EBB632001D72ED /* Frameworks */,
				0C1F788F19EBB632001D72ED /* Resources */,
			);
			buildRules = (
			);
			dependencies = (
				0C1F789319EBB632001D72ED /* PBXTargetDependency */,
			);
			name = MapDeltaTestTests;
			productName = MapDeltaTestTests;
			productReference = 0C1F789119EBB632001D72ED /* MapDeltaTestTests.xctest */;
			productType = "com.apple.product-type.bundle.unit-test";
		};
/* End PBXNativeTarget section */

/* Begin PBXProject section */
		0C1F787019EBB632001D72ED /* Project object */ = {
			isa = PBXProject;
			attributes = {
				LastUpgradeCheck = 0600;
				ORGANIZATIONNAME = M;
				TargetAttributes = {
					0C1F787719EBB632001D72ED = {
						CreatedOnToolsVersion = 6.0.1;
					};
					0C1F789019EBB632001D72ED = {
						CreatedOnToolsVersion = 6.0.1;
						TestTargetID = 0C1F787719EBB632001D72ED;
					};
				};
			};
			buildConfigurationList = 0C1F787319EBB632001D72ED /* Build configuration list for PBXProject "MapDeltaTest" */;
			compatibilityVersion = "Xcode 3.2";
			developmentRegion = English;
			hasScannedForEncodings = 0;
			knownRegions = (
				en,
				Base,
			);
			mainGroup = 0C1F786F19EBB632001D72ED;
			productRefGroup = 0C1F787919EBB632001D72ED /* Products */;
			projectDirPath = "";
			projectRoot = "";
			targets = (
				0C1F787719EBB632001D72ED /* MapDeltaTest */,
				0C1F789019EBB632001D72ED /* MapDeltaTestTests */,
			);
		};
/* End PBXProject section */

/* Begin PBXResourcesBuildPhase section */
		0C1F787619EBB632001D72ED /* Resources */ = {
			isa = PBXResourcesBuildPhase;
			buildActionMask = 2147483647;
			files = (
				0C1F788719EBB632001D72ED /* Main.storyboard in Resources */,
				0C1F788C19EBB632001D72ED /* LaunchScreen.xib in Resources */,
				0C1F788919EBB632001D72ED /* Images.xcassets in Resources */,
			);
			runOnlyForDeploymentPostprocessing = 0;
		};
		0C1F788F19EBB632001D72ED /* Resources */ = {
			isa = PBXResourcesBuildPhase;
			buildActionMask = 2147483647;
			files = (
			);
			runOnlyForDeploymentPostprocessing = 0;
		};
/* End PBXResourcesBuildPhase section */

/* Begin PBXSourcesBuildPhase section */
		0C1F787419EBB632001D72ED /* Sources */ = {
			isa = PBXSourcesBuildPhase;
			buildActionMask = 2147483647;
			files = (
				0C1F788419EBB632001D72ED /* ViewController.m in Sources */,
				0C1F788119EBB632001D72ED /* AppDelegate.m in Sources */,
				0C1F787E19EBB632001D72ED /* main.m in Sources */,
			);
			runOnlyForDeploymentPostprocessing = 0;
		};
		0C1F788D19EBB632001D72ED /* Sources */ = {
			isa = PBXSourcesBuildPhase;
			buildActionMask = 2147483647;
			files = (
				0C1F789819EBB632001D72ED /* MapDeltaTestTests.m in Sources */,
			);
			runOnlyForDeploymentPostprocessing = 0;
		};
/* End PBXSourcesBuildPhase section */

/* Begin PBXTargetDependency section */
		0C1F789319EBB632001D72ED /* PBXTargetDependency */ = {
			isa = PBXTargetDependency;
			target = 0C1F787719EBB632001D72ED /* MapDeltaTest */;
			targetProxy = 0C1F789219EBB632001D72ED /* PBXContainerItemProxy */;
		};
/* End PBXTargetDependency section */

/* Begin PBXVariantGroup section */
		0C1F788519EBB632001D72ED /* Main.storyboard */ = {
			isa = PBXVariantGroup;
			children = (
				0C1F788619EBB632001D72ED /* Base */,
			);
			name = Main.storyboard;
			sourceTree = "<group>";
		};
		0C1F788A19EBB632001D72ED /* LaunchScreen.xib */ = {
			isa = PBXVariantGroup;
			children = (
				0C1F788B19EBB632001D72ED /* Base */,
			);
			name = LaunchScreen.xib;
			sourceTree = "<group>";
		};
/* End PBXVariantGroup section */

/* Begin XCBuildConfiguration section */
		0C1F789919EBB632001D72ED /* Debug */ = {
			isa = XCBuildConfiguration;
			buildSettings = {
				ALWAYS_SEARCH_USER_PATHS = NO;
				CLANG_CXX_LANGUAGE_STANDARD = "gnu++0x";
				CLANG_CXX_LIBRARY = "libc++";
				CLANG_ENABLE_MODULES = YES;
				CLANG_ENABLE_OBJC_ARC = YES;
				CLANG_WARN_BOOL_CONVERSION = YES;
				CLANG_WARN_CONSTANT_CONVERSION = YES;
				CLANG_WARN_DIRECT_OBJC_ISA_USAGE = YES_ERROR;
				CLANG_WARN_EMPTY_BODY = YES;
				CLANG_WARN_ENUM_CONVERSION = YES;
				CLANG_WARN_INT_CONVERSION = YES;
				CLANG_WARN_OBJC_ROOT_CLASS = YES_ERROR;
				CLANG_WARN_UNREACHABLE_CODE = YES;
				CLANG_WARN__DUPLICATE_METHOD_MATCH = YES;
				"CODE_SIGN_IDENTITY[sdk=iphoneos*]" = "iPhone Developer";
				COPY_PHASE_STRIP = NO;
				ENABLE_STRICT_OBJC_MSGSEND = YES;
				GCC_C_LANGUAGE_STANDARD = gnu99;
				GCC_DYNAMIC_NO_PIC = NO;
				GCC_OPTIMIZATION_LEVEL = 0;
				GCC_PREPROCESSOR_DEFINITIONS = (
					"DEBUG=1",
					"$(inherited)",
				);
				GCC_SYMBOLS_PRIVATE_EXTERN = NO;
				GCC_WARN_64_TO_32_BIT_CONVERSION = YES;
				GCC_WARN_ABOUT_RETURN_TYPE = YES_ERROR;
				GCC_WARN_UNDECLARED_SELECTOR = YES;
				GCC_WARN_UNINITIALIZED_AUTOS = YES_AGGRESSIVE;
				GCC_WARN_UNUSED_FUNCTION = YES;
				GCC_WARN_UNUSED_VARIABLE = YES;
				IPHONEOS_DEPLOYMENT_TARGET = 8.0;
				MTL_ENABLE_DEBUG_INFO = YES;
				ONLY_ACTIVE_ARCH = YES;
				SDKROOT = iphoneos;
			};
			name = Debug;
		};
		0C1F789A19EBB632001D72ED /* Release */ = {
			isa = XCBuildConfiguration;
			buildSettings = {
				ALWAYS_SEARCH_USER_PATHS = NO;
				CLANG_CXX_LANGUAGE_STANDARD = "gnu++0x";
				CLANG_CXX_LIBRARY = "libc++";
				CLANG_ENABLE_MODULES = YES;
				CLANG_ENABLE_OBJC_ARC = YES;
				CLANG_WARN_BOOL_CONVERSION = YES;
				CLANG_WARN_CONSTANT_CONVERSION = YES;
				CLANG_WARN_DIRECT_OBJC_ISA_USAGE = YES_ERROR;
				CLANG_WARN_EMPTY_BODY = YES;
				CLANG_WARN_ENUM_CONVERSION = YES;
				CLANG_WARN_INT_CONVERSION = YES;
				CLANG_WARN_OBJC_ROOT_CLASS = YES_ERROR;
				CLANG_WARN_UNREACHABLE_CODE = YES;
				CLANG_WARN__DUPLICATE_METHOD_MATCH = YES;
				"CODE_SIGN_IDENTITY[sdk=iphoneos*]" = "iPhone Developer";
				COPY_PHASE_STRIP = YES;
				ENABLE_NS_ASSERTIONS = NO;
				ENABLE_STRICT_OBJC_MSGSEND = YES;
				GCC_C_LANGUAGE_STANDARD = gnu99;
				GCC_WARN_64_TO_32_BIT_CONVERSION = YES;
				GCC_WARN_ABOUT_RETURN_TYPE = YES_ERROR;
				GCC_WARN_UNDECLARED_SELECTOR = YES;
				GCC_WARN_UNINITIALIZED_AUTOS = YES_AGGRESSIVE;
				GCC_WARN_UNUSED_FUNCTION = YES;
				GCC_WARN_UNUSED_VARIABLE = YES;
				IPHONEOS_DEPLOYMENT_TARGET = 8.0;
				MTL_ENABLE_DEBUG_INFO = NO;
				SDKROOT = iphoneos;
				VALIDATE_PRODUCT = YES;
			};
			name = Release;
		};
		0C1F789C19EBB632001D72ED /* Debug */ = {
			isa = XCBuildConfiguration;
			buildSettings = {
				ASSETCATALOG_COMPILER_APPICON_NAME = AppIcon;
				INFOPLIST_FILE = MapDeltaTest/Info.plist;
				LD_RUNPATH_SEARCH_PATHS = "$(inherited) @executable_path/Frameworks";
				PRODUCT_NAME = "$(TARGET_NAME)";
			};
			name = Debug;
		};
		0C1F789D19EBB632001D72ED /* Release */ = {
			isa = XCBuildConfiguration;
			buildSettings = {
				ASSETCATALOG_COMPILER_APPICON_NAME = AppIcon;
				INFOPLIST_FILE = MapDeltaTest/Info.plist;
				LD_RUNPATH_SEARCH_PATHS = "$(inherited) @executable_path/Frameworks";
				PRODUCT_NAME = "$(TARGET_NAME)";
			};
			name = Release;
		};
		0C1F789F19EBB632001D72ED /* Debug */ = {
			isa = XCBuildConfiguration;
			buildSettings = {
				BUNDLE_LOADER = "$(TEST_HOST)";
				FRAMEWORK_SEARCH_PATHS = (
					"$(SDKROOT)/Developer/Library/Frameworks",
					"$(inherited)",
				);
				GCC_PREPROCESSOR_DEFINITIONS = (
					"DEBUG=1",
					"$(inherited)",
				);
				INFOPLIST_FILE = MapDeltaTestTests/Info.plist;
				LD_RUNPATH_SEARCH_PATHS = "$(inherited) @executable_path/Frameworks @loader_path/Frameworks";
				PRODUCT_NAME = "$(TARGET_NAME)";
				TEST_HOST = "$(BUILT_PRODUCTS_DIR)/MapDeltaTest.app/MapDeltaTest";
			};
			name = Debug;
		};
		0C1F78A019EBB632001D72ED /* Release */ = {
			isa = XCBuildConfiguration;
			buildSettings = {
				BUNDLE_LOADER = "$(TEST_HOST)";
				FRAMEWORK_SEARCH_PATHS = (
					"$(SDKROOT)/Developer/Library/Frameworks",
					"$(inherited)",
				);
				INFOPLIST_FILE = MapDeltaTestTests/Info.plist;
				LD_RUNPATH_SEARCH_PATHS = "$(inherited) @executable_path/Frameworks @loader_path/Frameworks";
				PRODUCT_NAME = "$(TARGET_NAME)";
				TEST_HOST = "$(BUILT_PRODUCTS_DIR)/MapDeltaTest.app/MapDeltaTest";
			};
			name = Release;
		};
/* End XCBuildConfiguration section */

/* Begin XCConfigurationList section */
		0C1F787319EBB632001D72ED /* Build configuration list for PBXProject "MapDeltaTest" */ = {
			isa = XCConfigurationList;
			buildConfigurations = (
				0C1F789919EBB632001D72ED /* Debug */,
				0C1F789A19EBB632001D72ED /* Release */,
			);
			defaultConfigurationIsVisible = 0;
			defaultConfigurationName = Release;
		};
		0C1F789B19EBB632001D72ED /* Build configuration list for PBXNativeTarget "MapDeltaTest" */ = {
			isa = XCConfigurationList;
			buildConfigurations = (
				0C1F789C19EBB632001D72ED /* Debug */,
				0C1F789D19EBB632001D72ED /* Release */,
			);
			defaultConfigurationIsVisible = 0;
		};
		0C1F789E19EBB632001D72ED /* Build configuration list for PBXNativeTarget "MapDeltaTestTests" */ = {
			isa = XCConfigurationList;
			buildConfigurations = (
				0C1F789F19EBB632001D72ED /* Debug */,
				0C1F78A019EBB632001D72ED /* Release */,
			);
			defaultConfigurationIsVisible = 0;
		};
/* End XCConfigurationList section */
	};
	rootObject = 0C1F787019EBB632001D72ED /* Project object */;
}
